
Microsoft Visual Studio Solution File, Format Version 12.00
# Visual Studio Version 16
VisualStudioVersion = 16.0.30611.23
MinimumVisualStudioVersion = 10.0.40219.1
Project("{2150E333-8FDC-42A3-9474-1A3956D46DE8}") = "src", "src", "{FE318442-38AC-4D7F-969B-F7C65E9BAC43}"
EndProject
Project("{9A19103F-16F7-4668-BE54-9A1E7A4F7556}") = "RefactoringExercise.Domain", "src\RefactoringExercise.Domain\RefactoringExercise.Domain.csproj", "{E66DAAC2-E9A2-4594-9DD7-BCA87B598E7F}"
EndProject
Project("{9A19103F-16F7-4668-BE54-9A1E7A4F7556}") = "RefactoringExercise.Services", "src\RefactoringExercise.Services\RefactoringExercise.Services.csproj", "{75EDCBD3-2E5B-4ED3-995E-C93032584700}"
EndProject
Project("{9A19103F-16F7-4668-BE54-9A1E7A4F7556}") = "RefactoringExercise.Models", "src\RefactoringExercise.Models\RefactoringExercise.Models.csproj", "{CD5BDDD1-3BEF-45E1-8E1D-14A700342E65}"
EndProject
Project("{2150E333-8FDC-42A3-9474-1A3956D46DE8}") = "Solution Items", "Solution Items", "{55D75CBB-2752-4F78-81A8-7DF8F53270D6}"
	ProjectSection(SolutionItems) = preProject
		.gitattributes = .gitattributes
		.gitignore = .gitignore
	EndProjectSection
EndProject
Project("{9A19103F-16F7-4668-BE54-9A1E7A4F7556}") = "RefactoringExercise.DataAccess", "src\RefactoringExercise.DataAccess\RefactoringExercise.DataAccess.csproj", "{50C247D6-2325-4B65-802F-DE7808441534}"
EndProject
Global
	GlobalSection(SolutionConfigurationPlatforms) = preSolution
		Debug|Any CPU = Debug|Any CPU
		Release|Any CPU = Release|Any CPU
	EndGlobalSection
	GlobalSection(ProjectConfigurationPlatforms) = postSolution
		{E66DAAC2-E9A2-4594-9DD7-BCA87B598E7F}.Debug|Any CPU.ActiveCfg = Debug|Any CPU
		{E66DAAC2-E9A2-4594-9DD7-BCA87B598E7F}.Debug|Any CPU.Build.0 = Debug|Any CPU
		{E66DAAC2-E9A2-4594-9DD7-BCA87B598E7F}.Release|Any CPU.ActiveCfg = Release|Any CPU
		{E66DAAC2-E9A2-4594-9DD7-BCA87B598E7F}.Release|Any CPU.Build.0 = Release|Any CPU
		{75EDCBD3-2E5B-4ED3-995E-C93032584700}.Debug|Any CPU.ActiveCfg = Debug|Any CPU
		{75EDCBD3-2E5B-4ED3-995E-C93032584700}.Debug|Any CPU.Build.0 = Debug|Any CPU
		{75EDCBD3-2E5B-4ED3-995E-C93032584700}.Release|Any CPU.ActiveCfg = Release|Any CPU
		{75EDCBD3-2E5B-4ED3-995E-C93032584700}.Release|Any CPU.Build.0 = Release|Any CPU
		{CD5BDDD1-3BEF-45E1-8E1D-14A700342E65}.Debug|Any CPU.ActiveCfg = Debug|Any CPU
		{CD5BDDD1-3BEF-45E1-8E1D-14A700342E65}.Debug|Any CPU.Build.0 = Debug|Any CPU
		{CD5BDDD1-3BEF-45E1-8E1D-14A700342E65}.Release|Any CPU.ActiveCfg = Release|Any CPU
		{CD5BDDD1-3BEF-45E1-8E1D-14A700342E65}.Release|Any CPU.Build.0 = Release|Any CPU
		{50C247D6-2325-4B65-802F-DE7808441534}.Debug|Any CPU.ActiveCfg = Debug|Any CPU
		{50C247D6-2325-4B65-802F-DE7808441534}.Debug|Any CPU.Build.0 = Debug|Any CPU
		{50C247D6-2325-4B65-802F-DE7808441534}.Release|Any CPU.ActiveCfg = Release|Any CPU
		{50C247D6-2325-4B65-802F-DE7808441534}.Release|Any CPU.Build.0 = Release|Any CPU
	EndGlobalSection
	GlobalSection(SolutionProperties) = preSolution
		HideSolutionNode = FALSE
	EndGlobalSection
	GlobalSection(NestedProjects) = preSolution
		{E66DAAC2-E9A2-4594-9DD7-BCA87B598E7F} = {FE318442-38AC-4D7F-969B-F7C65E9BAC43}
		{75EDCBD3-2E5B-4ED3-995E-C93032584700} = {FE318442-38AC-4D7F-969B-F7C65E9BAC43}
		{CD5BDDD1-3BEF-45E1-8E1D-14A700342E65} = {FE318442-38AC-4D7F-969B-F7C65E9BAC43}
		{50C247D6-2325-4B65-802F-DE7808441534} = {FE318442-38AC-4D7F-969B-F7C65E9BAC43}
	EndGlobalSection
	GlobalSection(ExtensibilityGlobals) = postSolution
		SolutionGuid = {10BC6E98-5300-419B-9084-3F1F9BEDD873}
	EndGlobalSection
EndGlobal
